
Microsoft Visual Studio Solution File, Format Version 12.00
# Visual Studio Version 17
VisualStudioVersion = 17.13.35723.152
MinimumVisualStudioVersion = 10.0.40219.1
Project("{888888A0-9F3D-457C-B088-3A5042F75D52}") = "PythonApp", "PythonApp\PythonApp.pyproj", "{AB3DC7BE-1C9A-4181-B407-D38E75D7924A}"
EndProject
Global
	GlobalSection(SolutionConfigurationPlatforms) = preSolution
		Debug|Any CPU = Debug|Any CPU
		Release|Any CPU = Release|Any CPU
	EndGlobalSection
	GlobalSection(ProjectConfigurationPlatforms) = postSolution
		{AB3DC7BE-1C9A-4181-B407-D38E75D7924A}.Debug|Any CPU.ActiveCfg = Debug|Any CPU
		{AB3DC7BE-1C9A-4181-B407-D38E75D7924A}.Release|Any CPU.ActiveCfg = Release|Any CPU
	EndGlobalSection
	GlobalSection(SolutionProperties) = preSolution
		HideSolutionNode = FALSE
	EndGlobalSection
	GlobalSection(ExtensibilityGlobals) = postSolution
		SolutionGuid = {F045BDB2-32AD-4505-BAD9-AB576B6DF045}
	EndGlobalSection
EndGlobal
